{
  "name": "slack-notify",
  "lockfileVersion": 2,
  "requires": true,
  "packages": {
    "": {
      "dependencies": {
        "slack-notify": "^2.0.6"
      }
    },
    "node_modules/slack-notify": {
      "version": "2.0.6",
      "resolved": "https://registry.npmjs.org/slack-notify/-/slack-notify-2.0.6.tgz",
      "integrity": "sha512-9JJGBzdODgcIgtx5unQZX9yHx9ckM5kXkSJHhU//Eh1rj7vhAK6L89ElXU5ftprID2qbcMADPuzyu4XEp/142Q==",
      "engines": {
        "node": ">=13.2.x"
      }
    }
  },
  "dependencies": {
    "slack-notify": {
      "version": "2.0.6",
      "resolved": "https://registry.npmjs.org/slack-notify/-/slack-notify-2.0.6.tgz",
      "integrity": "sha512-9JJGBzdODgcIgtx5unQZX9yHx9ckM5kXkSJHhU//Eh1rj7vhAK6L89ElXU5ftprID2qbcMADPuzyu4XEp/142Q=="
    }
  }
}
